
Microsoft Visual Studio Solution File, Format Version 12.00
# Visual Studio Version 16
VisualStudioVersion = 16.0.31729.503
MinimumVisualStudioVersion = 10.0.40219.1
Project("{FAE04EC0-301F-11D3-BF4B-00C04F79EFBC}") = "DesignPatternsAPI.NetCore", "DesignPatternsAPI.NetCore\DesignPatternsAPI.NetCore.csproj", "{9ECE2E25-3DBD-4BB1-AC95-864B60B53F19}"
EndProject
Global
	GlobalSection(SolutionConfigurationPlatforms) = preSolution
		Debug|Any CPU = Debug|Any CPU
		Release|Any CPU = Release|Any CPU
	EndGlobalSection
	GlobalSection(ProjectConfigurationPlatforms) = postSolution
		{9ECE2E25-3DBD-4BB1-AC95-864B60B53F19}.Debug|Any CPU.ActiveCfg = Debug|Any CPU
		{9ECE2E25-3DBD-4BB1-AC95-864B60B53F19}.Debug|Any CPU.Build.0 = Debug|Any CPU
		{9ECE2E25-3DBD-4BB1-AC95-864B60B53F19}.Release|Any CPU.ActiveCfg = Release|Any CPU
		{9ECE2E25-3DBD-4BB1-AC95-864B60B53F19}.Release|Any CPU.Build.0 = Release|Any CPU
	EndGlobalSection
	GlobalSection(SolutionProperties) = preSolution
		HideSolutionNode = FALSE
	EndGlobalSection
	GlobalSection(ExtensibilityGlobals) = postSolution
		SolutionGuid = {131ACCBC-8A59-4296-8841-1379C05E81C5}
	EndGlobalSection
EndGlobal
